
Microsoft Visual Studio Solution File, Format Version 12.00
# Visual Studio Version 17
VisualStudioVersion = 17.14.36705.20 d17.14
MinimumVisualStudioVersion = 10.0.40219.1
Project("{FAE04EC0-301F-11D3-BF4B-00C04F79EFBC}") = "ConstructorsAndDestructors", "ConstructorsAndDestructors.csproj", "{B7E23072-F176-4E79-80E9-53A42B03267B}"
EndProject
Global
	GlobalSection(SolutionConfigurationPlatforms) = preSolution
		Debug|Any CPU = Debug|Any CPU
		Release|Any CPU = Release|Any CPU
	EndGlobalSection
	GlobalSection(ProjectConfigurationPlatforms) = postSolution
		{B7E23072-F176-4E79-80E9-53A42B03267B}.Debug|Any CPU.ActiveCfg = Debug|Any CPU
		{B7E23072-F176-4E79-80E9-53A42B03267B}.Debug|Any CPU.Build.0 = Debug|Any CPU
		{B7E23072-F176-4E79-80E9-53A42B03267B}.Release|Any CPU.ActiveCfg = Release|Any CPU
		{B7E23072-F176-4E79-80E9-53A42B03267B}.Release|Any CPU.Build.0 = Release|Any CPU
	EndGlobalSection
	GlobalSection(SolutionProperties) = preSolution
		HideSolutionNode = FALSE
	EndGlobalSection
	GlobalSection(ExtensibilityGlobals) = postSolution
		SolutionGuid = {57D78B8F-011F-4D9B-AF93-F32F7C5D4141}
	EndGlobalSection
EndGlobal
