
Microsoft Visual Studio Solution File, Format Version 12.00
# Visual Studio Version 17
VisualStudioVersion = 17.14.36705.20 d17.14
MinimumVisualStudioVersion = 10.0.40219.1
Project("{FAE04EC0-301F-11D3-BF4B-00C04F79EFBC}") = "ClassBasic", "ClassBasic.csproj", "{8041D82E-B22D-4135-B153-BF17C8955554}"
EndProject
Global
	GlobalSection(SolutionConfigurationPlatforms) = preSolution
		Debug|Any CPU = Debug|Any CPU
		Release|Any CPU = Release|Any CPU
	EndGlobalSection
	GlobalSection(ProjectConfigurationPlatforms) = postSolution
		{8041D82E-B22D-4135-B153-BF17C8955554}.Debug|Any CPU.ActiveCfg = Debug|Any CPU
		{8041D82E-B22D-4135-B153-BF17C8955554}.Debug|Any CPU.Build.0 = Debug|Any CPU
		{8041D82E-B22D-4135-B153-BF17C8955554}.Release|Any CPU.ActiveCfg = Release|Any CPU
		{8041D82E-B22D-4135-B153-BF17C8955554}.Release|Any CPU.Build.0 = Release|Any CPU
	EndGlobalSection
	GlobalSection(SolutionProperties) = preSolution
		HideSolutionNode = FALSE
	EndGlobalSection
	GlobalSection(ExtensibilityGlobals) = postSolution
		SolutionGuid = {15CF2703-3A0E-40E6-B716-B9BA20488CAE}
	EndGlobalSection
EndGlobal
